// !$*UTF8*$!
{
	archiveVersion = 1;
	classes = {
	};
	objectVersion = 56;
	objects = {

/* Begin PBXBuildFile section */
		E2BFEFF72BCCE1F9008BEFDF /* AppDelegate.swift in Sources */ = {isa = PBXBuildFile; fileRef = E2BFEFF62BCCE1F9008BEFDF /* AppDelegate.swift */; };
		E2BFEFF92BCCE1F9008BEFDF /* SceneDelegate.swift in Sources */ = {isa = PBXBuildFile; fileRef = E2BFEFF82BCCE1F9008BEFDF /* SceneDelegate.swift */; };
		E2BFEFFB2BCCE1F9008BEFDF /* ViewController.swift in Sources */ = {isa = PBXBuildFile; fileRef = E2BFEFFA2BCCE1F9008BEFDF /* ViewController.swift */; };
		E2BFEFFE2BCCE1F9008BEFDF /* Base in Resources */ = {isa = PBXBuildFile; fileRef = E2BFEFFD2BCCE1F9008BEFDF /* Base */; };
		E2BFF0002BCCE1FA008BEFDF /* Assets.xcassets in Resources */ = {isa = PBXBuildFile; fileRef = E2BFEFFF2BCCE1FA008BEFDF /* Assets.xcassets */; };
		E2BFF0032BCCE1FA008BEFDF /* Base in Resources */ = {isa = PBXBuildFile; fileRef = E2BFF0022BCCE1FA008BEFDF /* Base */; };
/* End PBXBuildFile section */

/* Begin PBXFileReference section */
		E2BFEFF32BCCE1F9008BEFDF /* 0415.app */ = {isa = PBXFileReference; explicitFileType = wrapper.application; includeInIndex = 0; path = 0415.app; sourceTree = BUILT_PRODUCTS_DIR; };
		E2BFEFF62BCCE1F9008BEFDF /* AppDelegate.swift */ = {isa = PBXFileReference; lastKnownFileType = sourcecode.swift; path = AppDelegate.swift; sourceTree = "<group>"; };
		E2BFEFF82BCCE1F9008BEFDF /* SceneDelegate.swift */ = {isa = PBXFileReference; lastKnownFileType = sourcecode.swift; path = SceneDelegate.swift; sourceTree = "<group>"; };
		E2BFEFFA2BCCE1F9008BEFDF /* ViewController.swift */ = {isa = PBXFileReference; lastKnownFileType = sourcecode.swift; path = ViewController.swift; sourceTree = "<group>"; };
		E2BFEFFD2BCCE1F9008BEFDF /* Base */ = {isa = PBXFileReference; lastKnownFileType = file.storyboard; name = Base; path = Base.lproj/Main.storyboard; sourceTree = "<group>"; };
		E2BFEFFF2BCCE1FA008BEFDF /* Assets.xcassets */ = {isa = PBXFileReference; lastKnownFileType = folder.assetcatalog; path = Assets.xcassets; sourceTree = "<group>"; };
		E2BFF0022BCCE1FA008BEFDF /* Base */ = {isa = PBXFileReference; lastKnownFileType = file.storyboard; name = Base; path = Base.lproj/LaunchScreen.storyboard; sourceTree = "<group>"; };
		E2BFF0042BCCE1FA008BEFDF /* Info.plist */ = {isa = PBXFileReference; lastKnownFileType = text.plist.xml; path = Info.plist; sourceTree = "<group>"; };
/* End PBXFileReference section */

/* Begin PBXFrameworksBuildPhase section */
		E2BFEFF02BCCE1F9008BEFDF /* Frameworks */ = {
			isa = PBXFrameworksBuildPhase;
			buildActionMask = 2147483647;
			files = (
			);
			runOnlyForDeploymentPostprocessing = 0;
		};
/* End PBXFrameworksBuildPhase section */

/* Begin PBXGroup section */
		E2BFEFEA2BCCE1F9008BEFDF = {
			isa = PBXGroup;
			children = (
				E2BFEFF52BCCE1F9008BEFDF /* 0415 */,
				E2BFEFF42BCCE1F9008BEFDF /* Products */,
			);
			sourceTree = "<group>";
		};
		E2BFEFF42BCCE1F9008BEFDF /* Products */ = {
			isa = PBXGroup;
			children = (
				E2BFEFF32BCCE1F9008BEFDF /* 0415.app */,
			);
			name = Products;
			sourceTree = "<group>";
		};
		E2BFEFF52BCCE1F9008BEFDF /* 0415 */ = {
			isa = PBXGroup;
			children = (
				E2BFEFF62BCCE1F9008BEFDF /* AppDelegate.swift */,
				E2BFEFF82BCCE1F9008BEFDF /* SceneDelegate.swift */,
				E2BFEFFA2BCCE1F9008BEFDF /* ViewController.swift */,
				E2BFEFFC2BCCE1F9008BEFDF /* Main.storyboard */,
				E2BFEFFF2BCCE1FA008BEFDF /* Assets.xcassets */,
				E2BFF0012BCCE1FA008BEFDF /* LaunchScreen.storyboard */,
				E2BFF0042BCCE1FA008BEFDF /* Info.plist */,
			);
			path = 0415;
			sourceTree = "<group>";
		};
/* End PBXGroup section */

/* Begin PBXNativeTarget section */
		E2BFEFF22BCCE1F9008BEFDF /* 0415 */ = {
			isa = PBXNativeTarget;
			buildConfigurationList = E2BFF0072BCCE1FA008BEFDF /* Build configuration list for PBXNativeTarget "0415" */;
			buildPhases = (
				E2BFEFEF2BCCE1F9008BEFDF /* Sources */,
				E2BFEFF02BCCE1F9008BEFDF /* Frameworks */,
				E2BFEFF12BCCE1F9008BEFDF /* Resources */,
			);
			buildRules = (
			);
			dependencies = (
			);
			name = 0415;
			productName = 0415;
			productReference = E2BFEFF32BCCE1F9008BEFDF /* 0415.app */;
			productType = "com.apple.product-type.application";
		};
/* End PBXNativeTarget section */

/* Begin PBXProject section */
		E2BFEFEB2BCCE1F9008BEFDF /* Project object */ = {
			isa = PBXProject;
			attributes = {
				BuildIndependentTargetsInParallel = 1;
				LastSwiftUpdateCheck = 1530;
				LastUpgradeCheck = 1530;
				TargetAttributes = {
					E2BFEFF22BCCE1F9008BEFDF = {
						CreatedOnToolsVersion = 15.3;
					};
				};
			};
			buildConfigurationList = E2BFEFEE2BCCE1F9008BEFDF /* Build configuration list for PBXProject "0415" */;
			compatibilityVersion = "Xcode 14.0";
			developmentRegion = en;
			hasScannedForEncodings = 0;
			knownRegions = (
				en,
				Base,
			);
			mainGroup = E2BFEFEA2BCCE1F9008BEFDF;
			productRefGroup = E2BFEFF42BCCE1F9008BEFDF /* Products */;
			projectDirPath = "";
			projectRoot = "";
			targets = (
				E2BFEFF22BCCE1F9008BEFDF /* 0415 */,
			);
		};
/* End PBXProject section */

/* Begin PBXResourcesBuildPhase section */
		E2BFEFF12BCCE1F9008BEFDF /* Resources */ = {
			isa = PBXResourcesBuildPhase;
			buildActionMask = 2147483647;
			files = (
				E2BFF0002BCCE1FA008BEFDF /* Assets.xcassets in Resources */,
				E2BFF0032BCCE1FA008BEFDF /* Base in Resources */,
				E2BFEFFE2BCCE1F9008BEFDF /* Base in Resources */,
			);
			runOnlyForDeploymentPostprocessing = 0;
		};
/* End PBXResourcesBuildPhase section */

/* Begin PBXSourcesBuildPhase section */
		E2BFEFEF2BCCE1F9008BEFDF /* Sources */ = {
			isa = PBXSourcesBuildPhase;
			buildActionMask = 2147483647;
			files = (
				E2BFEFFB2BCCE1F9008BEFDF /* ViewController.swift in Sources */,
				E2BFEFF72BCCE1F9008BEFDF /* AppDelegate.swift in Sources */,
				E2BFEFF92BCCE1F9008BEFDF /* SceneDelegate.swift in Sources */,
			);
			runOnlyForDeploymentPostprocessing = 0;
		};
/* End PBXSourcesBuildPhase section */

/* Begin PBXVariantGroup section */
		E2BFEFFC2BCCE1F9008BEFDF /* Main.storyboard */ = {
			isa = PBXVariantGroup;
			children = (
				E2BFEFFD2BCCE1F9008BEFDF /* Base */,
			);
			name = Main.storyboard;
			sourceTree = "<group>";
		};
		E2BFF0012BCCE1FA008BEFDF /* LaunchScreen.storyboard */ = {
			isa = PBXVariantGroup;
			children = (
				E2BFF0022BCCE1FA008BEFDF /* Base */,
			);
			name = LaunchScreen.storyboard;
			sourceTree = "<group>";
		};
/* End PBXVariantGroup section */

/* Begin XCBuildConfiguration section */
		E2BFF0052BCCE1FA008BEFDF /* Debug */ = {
			isa = XCBuildConfiguration;
			buildSettings = {
				ALWAYS_SEARCH_USER_PATHS = NO;
				ASSETCATALOG_COMPILER_GENERATE_SWIFT_ASSET_SYMBOL_EXTENSIONS = YES;
				CLANG_ANALYZER_NONNULL = YES;
				CLANG_ANALYZER_NUMBER_OBJECT_CONVERSION = YES_AGGRESSIVE;
				CLANG_CXX_LANGUAGE_STANDARD = "gnu++20";
				CLANG_ENABLE_MODULES = YES;
				CLANG_ENABLE_OBJC_ARC = YES;
				CLANG_ENABLE_OBJC_WEAK = YES;
				CLANG_WARN_BLOCK_CAPTURE_AUTORELEASING = YES;
				CLANG_WARN_BOOL_CONVERSION = YES;
				CLANG_WARN_COMMA = YES;
				CLANG_WARN_CONSTANT_CONVERSION = YES;
				CLANG_WARN_DEPRECATED_OBJC_IMPLEMENTATIONS = YES;
				CLANG_WARN_DIRECT_OBJC_ISA_USAGE = YES_ERROR;
				CLANG_WARN_DOCUMENTATION_COMMENTS = YES;
				CLANG_WARN_EMPTY_BODY = YES;
				CLANG_WARN_ENUM_CONVERSION = YES;
				CLANG_WARN_INFINITE_RECURSION = YES;
				CLANG_WARN_INT_CONVERSION = YES;
				CLANG_WARN_NON_LITERAL_NULL_CONVERSION = YES;
				CLANG_WARN_OBJC_IMPLICIT_RETAIN_SELF = YES;
				CLANG_WARN_OBJC_LITERAL_CONVERSION = YES;
				CLANG_WARN_OBJC_ROOT_CLASS = YES_ERROR;
				CLANG_WARN_QUOTED_INCLUDE_IN_FRAMEWORK_HEADER = YES;
				CLANG_WARN_RANGE_LOOP_ANALYSIS = YES;
				CLANG_WARN_STRICT_PROTOTYPES = YES;
				CLANG_WARN_SUSPICIOUS_MOVE = YES;
				CLANG_WARN_UNGUARDED_AVAILABILITY = YES_AGGRESSIVE;
				CLANG_WARN_UNREACHABLE_CODE = YES;
				CLANG_WARN__DUPLICATE_METHOD_MATCH = YES;
				COPY_PHASE_STRIP = NO;
				DEBUG_INFORMATION_FORMAT = dwarf;
				ENABLE_STRICT_OBJC_MSGSEND = YES;
				ENABLE_TESTABILITY = YES;
				ENABLE_USER_SCRIPT_SANDBOXING = YES;
				GCC_C_LANGUAGE_STANDARD = gnu17;
				GCC_DYNAMIC_NO_PIC = NO;
				GCC_NO_COMMON_BLOCKS = YES;
				GCC_OPTIMIZATION_LEVEL = 0;
				GCC_PREPROCESSOR_DEFINITIONS = (
					"DEBUG=1",
					"$(inherited)",
				);
				GCC_WARN_64_TO_32_BIT_CONVERSION = YES;
				GCC_WARN_ABOUT_RETURN_TYPE = YES_ERROR;
				GCC_WARN_UNDECLARED_SELECTOR = YES;
				GCC_WARN_UNINITIALIZED_AUTOS = YES_AGGRESSIVE;
				GCC_WARN_UNUSED_FUNCTION = YES;
				GCC_WARN_UNUSED_VARIABLE = YES;
				IPHONEOS_DEPLOYMENT_TARGET = 17.4;
				LOCALIZATION_PREFERS_STRING_CATALOGS = YES;
				MTL_ENABLE_DEBUG_INFO = INCLUDE_SOURCE;
				MTL_FAST_MATH = YES;
				ONLY_ACTIVE_ARCH = YES;
				SDKROOT = iphoneos;
				SWIFT_ACTIVE_COMPILATION_CONDITIONS = "DEBUG $(inherited)";
				SWIFT_OPTIMIZATION_LEVEL = "-Onone";
			};
			name = Debug;
		};
		E2BFF0062BCCE1FA008BEFDF /* Release */ = {
			isa = XCBuildConfiguration;
			buildSettings = {
				ALWAYS_SEARCH_USER_PATHS = NO;
				ASSETCATALOG_COMPILER_GENERATE_SWIFT_ASSET_SYMBOL_EXTENSIONS = YES;
				CLANG_ANALYZER_NONNULL = YES;
				CLANG_ANALYZER_NUMBER_OBJECT_CONVERSION = YES_AGGRESSIVE;
				CLANG_CXX_LANGUAGE_STANDARD = "gnu++20";
				CLANG_ENABLE_MODULES = YES;
				CLANG_ENABLE_OBJC_ARC = YES;
				CLANG_ENABLE_OBJC_WEAK = YES;
				CLANG_WARN_BLOCK_CAPTURE_AUTORELEASING = YES;
				CLANG_WARN_BOOL_CONVERSION = YES;
				CLANG_WARN_COMMA = YES;
				CLANG_WARN_CONSTANT_CONVERSION = YES;
				CLANG_WARN_DEPRECATED_OBJC_IMPLEMENTATIONS = YES;
				CLANG_WARN_DIRECT_OBJC_ISA_USAGE = YES_ERROR;
				CLANG_WARN_DOCUMENTATION_COMMENTS = YES;
				CLANG_WARN_EMPTY_BODY = YES;
				CLANG_WARN_ENUM_CONVERSION = YES;
				CLANG_WARN_INFINITE_RECURSION = YES;
				CLANG_WARN_INT_CONVERSION = YES;
				CLANG_WARN_NON_LITERAL_NULL_CONVERSION = YES;
				CLANG_WARN_OBJC_IMPLICIT_RETAIN_SELF = YES;
				CLANG_WARN_OBJC_LITERAL_CONVERSION = YES;
				CLANG_WARN_OBJC_ROOT_CLASS = YES_ERROR;
				CLANG_WARN_QUOTED_INCLUDE_IN_FRAMEWORK_HEADER = YES;
				CLANG_WARN_RANGE_LOOP_ANALYSIS = YES;
				CLANG_WARN_STRICT_PROTOTYPES = YES;
				CLANG_WARN_SUSPICIOUS_MOVE = YES;
				CLANG_WARN_UNGUARDED_AVAILABILITY = YES_AGGRESSIVE;
				CLANG_WARN_UNREACHABLE_CODE = YES;
				CLANG_WARN__DUPLICATE_METHOD_MATCH = YES;
				COPY_PHASE_STRIP = NO;
				DEBUG_INFORMATION_FORMAT = "dwarf-with-dsym";
				ENABLE_NS_ASSERTIONS = NO;
				ENABLE_STRICT_OBJC_MSGSEND = YES;
				ENABLE_USER_SCRIPT_SANDBOXING = YES;
				GCC_C_LANGUAGE_STANDARD = gnu17;
				GCC_NO_COMMON_BLOCKS = YES;
				GCC_WARN_64_TO_32_BIT_CONVERSION = YES;
				GCC_WARN_ABOUT_RETURN_TYPE = YES_ERROR;
				GCC_WARN_UNDECLARED_SELECTOR = YES;
				GCC_WARN_UNINITIALIZED_AUTOS = YES_AGGRESSIVE;
				GCC_WARN_UNUSED_FUNCTION = YES;
				GCC_WARN_UNUSED_VARIABLE = YES;
				IPHONEOS_DEPLOYMENT_TARGET = 17.4;
				LOCALIZATION_PREFERS_STRING_CATALOGS = YES;
				MTL_ENABLE_DEBUG_INFO = NO;
				MTL_FAST_MATH = YES;
				SDKROOT = iphoneos;
				SWIFT_COMPILATION_MODE = wholemodule;
				VALIDATE_PRODUCT = YES;
			};
			name = Release;
		};
		E2BFF0082BCCE1FA008BEFDF /* Debug */ = {
			isa = XCBuildConfiguration;
			buildSettings = {
				ASSETCATALOG_COMPILER_APPICON_NAME = AppIcon;
				ASSETCATALOG_COMPILER_GLOBAL_ACCENT_COLOR_NAME = AccentColor;
				CODE_SIGN_STYLE = Automatic;
				CURRENT_PROJECT_VERSION = 1;
				DEVELOPMENT_TEAM = PLHAQH3M74;
				GENERATE_INFOPLIST_FILE = YES;
				INFOPLIST_FILE = 0415/Info.plist;
				INFOPLIST_KEY_UIApplicationSupportsIndirectInputEvents = YES;
				INFOPLIST_KEY_UILaunchStoryboardName = LaunchScreen;
				INFOPLIST_KEY_UIMainStoryboardFile = Main;
				INFOPLIST_KEY_UISupportedInterfaceOrientations_iPad = "UIInterfaceOrientationPortrait UIInterfaceOrientationPortraitUpsideDown UIInterfaceOrientationLandscapeLeft UIInterfaceOrientationLandscapeRight";
				INFOPLIST_KEY_UISupportedInterfaceOrientations_iPhone = "UIInterfaceOrientationPortrait UIInterfaceOrientationLandscapeLeft UIInterfaceOrientationLandscapeRight";
				LD_RUNPATH_SEARCH_PATHS = (
					"$(inherited)",
					"@executable_path/Frameworks",
				);
				MARKETING_VERSION = 1.0;
				PRODUCT_BUNDLE_IDENTIFIER = "com.wen.-415";
				PRODUCT_NAME = "$(TARGET_NAME)";
				SWIFT_EMIT_LOC_STRINGS = YES;
				SWIFT_VERSION = 5.0;
				TARGETED_DEVICE_FAMILY = "1,2";
			};
			name = Debug;
		};
		E2BFF0092BCCE1FA008BEFDF /* Release */ = {
			isa = XCBuildConfiguration;
			buildSettings = {
				ASSETCATALOG_COMPILER_APPICON_NAME = AppIcon;
				ASSETCATALOG_COMPILER_GLOBAL_ACCENT_COLOR_NAME = AccentColor;
				CODE_SIGN_STYLE = Automatic;
				CURRENT_PROJECT_VERSION = 1;
				DEVELOPMENT_TEAM = PLHAQH3M74;
				GENERATE_INFOPLIST_FILE = YES;
				INFOPLIST_FILE = 0415/Info.plist;
				INFOPLIST_KEY_UIApplicationSupportsIndirectInputEvents = YES;
				INFOPLIST_KEY_UILaunchStoryboardName = LaunchScreen;
				INFOPLIST_KEY_UIMainStoryboardFile = Main;
				INFOPLIST_KEY_UISupportedInterfaceOrientations_iPad = "UIInterfaceOrientationPortrait UIInterfaceOrientationPortraitUpsideDown UIInterfaceOrientationLandscapeLeft UIInterfaceOrientationLandscapeRight";
				INFOPLIST_KEY_UISupportedInterfaceOrientations_iPhone = "UIInterfaceOrientationPortrait UIInterfaceOrientationLandscapeLeft UIInterfaceOrientationLandscapeRight";
				LD_RUNPATH_SEARCH_PATHS = (
					"$(inherited)",
					"@executable_path/Frameworks",
				);
				MARKETING_VERSION = 1.0;
				PRODUCT_BUNDLE_IDENTIFIER = "com.wen.-415";
				PRODUCT_NAME = "$(TARGET_NAME)";
				SWIFT_EMIT_LOC_STRINGS = YES;
				SWIFT_VERSION = 5.0;
				TARGETED_DEVICE_FAMILY = "1,2";
			};
			name = Release;
		};
/* End XCBuildConfiguration section */

/* Begin XCConfigurationList section */
		E2BFEFEE2BCCE1F9008BEFDF /* Build configuration list for PBXProject "0415" */ = {
			isa = XCConfigurationList;
			buildConfigurations = (
				E2BFF0052BCCE1FA008BEFDF /* Debug */,
				E2BFF0062BCCE1FA008BEFDF /* Release */,
			);
			defaultConfigurationIsVisible = 0;
			defaultConfigurationName = Release;
		};
		E2BFF0072BCCE1FA008BEFDF /* Build configuration list for PBXNativeTarget "0415" */ = {
			isa = XCConfigurationList;
			buildConfigurations = (
				E2BFF0082BCCE1FA008BEFDF /* Debug */,
				E2BFF0092BCCE1FA008BEFDF /* Release */,
			);
			defaultConfigurationIsVisible = 0;
			defaultConfigurationName = Release;
		};
/* End XCConfigurationList section */
	};
	rootObject = E2BFEFEB2BCCE1F9008BEFDF /* Project object */;
}
